{
  "object": {
    "pins": [
      {
        "package": "PHFoundation",
        "repositoryURL": "git@github.com:panghu-lee/PHFoundation.git",
        "state": {
          "branch": "master",
          "revision": "fd0bd0df74671f278342439839a2b064d3fb8424",
          "version": null
        }
      }
    ]
  },
  "version": 1
}
