// !$*UTF8*$!
{
	archiveVersion = 1;
	classes = {
	};
	objectVersion = 52;
	objects = {

/* Begin PBXBuildFile section */
		607A92412397D49B002CD407 /* CALayerLayout.swift in Sources */ = {isa = PBXBuildFile; fileRef = 607A923F2397D302002CD407 /* CALayerLayout.swift */; };
		607A92BB2397D6D1002CD407 /* UIViewLayout.swift in Sources */ = {isa = PBXBuildFile; fileRef = 607A92BA2397D6D1002CD407 /* UIViewLayout.swift */; };
		607A92BD2397D79D002CD407 /* UICollectionViewRegister.swift in Sources */ = {isa = PBXBuildFile; fileRef = 607A92BC2397D79D002CD407 /* UICollectionViewRegister.swift */; };
		607A92BF2397D7BA002CD407 /* UITableViewRegister.swift in Sources */ = {isa = PBXBuildFile; fileRef = 607A92BE2397D7BA002CD407 /* UITableViewRegister.swift */; };
		60D26C13241230A500FF060E /* UIGraphics.swift in Sources */ = {isa = PBXBuildFile; fileRef = 60D26C12241230A500FF060E /* UIGraphics.swift */; };
		60D26C162412333000FF060E /* PHFoundation in Frameworks */ = {isa = PBXBuildFile; productRef = 60D26C152412333000FF060E /* PHFoundation */; };
		60D26C182412346B00FF060E /* UIViewController.swift in Sources */ = {isa = PBXBuildFile; fileRef = 60D26C172412346B00FF060E /* UIViewController.swift */; };
		60F9FBAD2397BEE900D012E8 /* PHUIKitCore.h in Headers */ = {isa = PBXBuildFile; fileRef = 60F9FBAB2397BEE900D012E8 /* PHUIKitCore.h */; settings = {ATTRIBUTES = (Public, ); }; };
/* End PBXBuildFile section */

/* Begin PBXFileReference section */
		607A923F2397D302002CD407 /* CALayerLayout.swift */ = {isa = PBXFileReference; lastKnownFileType = sourcecode.swift; path = CALayerLayout.swift; sourceTree = "<group>"; };
		607A92BA2397D6D1002CD407 /* UIViewLayout.swift */ = {isa = PBXFileReference; lastKnownFileType = sourcecode.swift; path = UIViewLayout.swift; sourceTree = "<group>"; };
		607A92BC2397D79D002CD407 /* UICollectionViewRegister.swift */ = {isa = PBXFileReference; lastKnownFileType = sourcecode.swift; path = UICollectionViewRegister.swift; sourceTree = "<group>"; };
		607A92BE2397D7BA002CD407 /* UITableViewRegister.swift */ = {isa = PBXFileReference; lastKnownFileType = sourcecode.swift; path = UITableViewRegister.swift; sourceTree = "<group>"; };
		60D26C12241230A500FF060E /* UIGraphics.swift */ = {isa = PBXFileReference; lastKnownFileType = sourcecode.swift; path = UIGraphics.swift; sourceTree = "<group>"; };
		60D26C172412346B00FF060E /* UIViewController.swift */ = {isa = PBXFileReference; lastKnownFileType = sourcecode.swift; path = UIViewController.swift; sourceTree = "<group>"; };
		60F9FBA82397BEE900D012E8 /* PHUIKitCore.framework */ = {isa = PBXFileReference; explicitFileType = wrapper.framework; includeInIndex = 0; path = PHUIKitCore.framework; sourceTree = BUILT_PRODUCTS_DIR; };
		60F9FBAB2397BEE900D012E8 /* PHUIKitCore.h */ = {isa = PBXFileReference; lastKnownFileType = sourcecode.c.h; path = PHUIKitCore.h; sourceTree = "<group>"; };
		60F9FBAC2397BEE900D012E8 /* Info.plist */ = {isa = PBXFileReference; lastKnownFileType = text.plist.xml; path = Info.plist; sourceTree = "<group>"; };
		60F9FBC32397C64400D012E8 /* Package.swift */ = {isa = PBXFileReference; lastKnownFileType = sourcecode.swift; path = Package.swift; sourceTree = SOURCE_ROOT; };
/* End PBXFileReference section */

/* Begin PBXFrameworksBuildPhase section */
		60F9FBA52397BEE900D012E8 /* Frameworks */ = {
			isa = PBXFrameworksBuildPhase;
			buildActionMask = 2147483647;
			files = (
				60D26C162412333000FF060E /* PHFoundation in Frameworks */,
			);
			runOnlyForDeploymentPostprocessing = 0;
		};
/* End PBXFrameworksBuildPhase section */

/* Begin PBXGroup section */
		60F9FB9E2397BEE900D012E8 = {
			isa = PBXGroup;
			children = (
				60F9FBAA2397BEE900D012E8 /* Sources */,
				60F9FBA92397BEE900D012E8 /* Products */,
			);
			sourceTree = "<group>";
		};
		60F9FBA92397BEE900D012E8 /* Products */ = {
			isa = PBXGroup;
			children = (
				60F9FBA82397BEE900D012E8 /* PHUIKitCore.framework */,
			);
			name = Products;
			sourceTree = "<group>";
		};
		60F9FBAA2397BEE900D012E8 /* Sources */ = {
			isa = PBXGroup;
			children = (
				60F9FBAB2397BEE900D012E8 /* PHUIKitCore.h */,
				60D26C12241230A500FF060E /* UIGraphics.swift */,
				60D26C172412346B00FF060E /* UIViewController.swift */,
				607A923F2397D302002CD407 /* CALayerLayout.swift */,
				607A92BA2397D6D1002CD407 /* UIViewLayout.swift */,
				607A92BE2397D7BA002CD407 /* UITableViewRegister.swift */,
				607A92BC2397D79D002CD407 /* UICollectionViewRegister.swift */,
				60F9FBB32397BF0B00D012E8 /* Supporting Files */,
			);
			path = Sources;
			sourceTree = "<group>";
		};
		60F9FBB32397BF0B00D012E8 /* Supporting Files */ = {
			isa = PBXGroup;
			children = (
				60F9FBC32397C64400D012E8 /* Package.swift */,
				60F9FBAC2397BEE900D012E8 /* Info.plist */,
			);
			name = "Supporting Files";
			sourceTree = "<group>";
		};
/* End PBXGroup section */

/* Begin PBXHeadersBuildPhase section */
		60F9FBA32397BEE900D012E8 /* Headers */ = {
			isa = PBXHeadersBuildPhase;
			buildActionMask = 2147483647;
			files = (
				60F9FBAD2397BEE900D012E8 /* PHUIKitCore.h in Headers */,
			);
			runOnlyForDeploymentPostprocessing = 0;
		};
/* End PBXHeadersBuildPhase section */

/* Begin PBXNativeTarget section */
		60F9FBA72397BEE900D012E8 /* PHUIKitCore */ = {
			isa = PBXNativeTarget;
			buildConfigurationList = 60F9FBB02397BEE900D012E8 /* Build configuration list for PBXNativeTarget "PHUIKitCore" */;
			buildPhases = (
				60F9FBA32397BEE900D012E8 /* Headers */,
				60F9FBA42397BEE900D012E8 /* Sources */,
				60F9FBA52397BEE900D012E8 /* Frameworks */,
				60F9FBA62397BEE900D012E8 /* Resources */,
			);
			buildRules = (
			);
			dependencies = (
			);
			name = PHUIKitCore;
			packageProductDependencies = (
				60D26C152412333000FF060E /* PHFoundation */,
			);
			productName = PHUIKitCore;
			productReference = 60F9FBA82397BEE900D012E8 /* PHUIKitCore.framework */;
			productType = "com.apple.product-type.framework";
		};
/* End PBXNativeTarget section */

/* Begin PBXProject section */
		60F9FB9F2397BEE900D012E8 /* Project object */ = {
			isa = PBXProject;
			attributes = {
				LastUpgradeCheck = 1130;
				ORGANIZATIONNAME = "Panghu Lee";
				TargetAttributes = {
					60F9FBA72397BEE900D012E8 = {
						CreatedOnToolsVersion = 11.2.1;
						LastSwiftMigration = 1120;
					};
				};
			};
			buildConfigurationList = 60F9FBA22397BEE900D012E8 /* Build configuration list for PBXProject "PHUIKitCore" */;
			compatibilityVersion = "Xcode 9.3";
			developmentRegion = en;
			hasScannedForEncodings = 0;
			knownRegions = (
				en,
				Base,
			);
			mainGroup = 60F9FB9E2397BEE900D012E8;
			packageReferences = (
				60D26C142412333000FF060E /* XCRemoteSwiftPackageReference "PHFoundation" */,
			);
			productRefGroup = 60F9FBA92397BEE900D012E8 /* Products */;
			projectDirPath = "";
			projectRoot = "";
			targets = (
				60F9FBA72397BEE900D012E8 /* PHUIKitCore */,
			);
		};
/* End PBXProject section */

/* Begin PBXResourcesBuildPhase section */
		60F9FBA62397BEE900D012E8 /* Resources */ = {
			isa = PBXResourcesBuildPhase;
			buildActionMask = 2147483647;
			files = (
			);
			runOnlyForDeploymentPostprocessing = 0;
		};
/* End PBXResourcesBuildPhase section */

/* Begin PBXSourcesBuildPhase section */
		60F9FBA42397BEE900D012E8 /* Sources */ = {
			isa = PBXSourcesBuildPhase;
			buildActionMask = 2147483647;
			files = (
				60D26C13241230A500FF060E /* UIGraphics.swift in Sources */,
				607A92BD2397D79D002CD407 /* UICollectionViewRegister.swift in Sources */,
				60D26C182412346B00FF060E /* UIViewController.swift in Sources */,
				607A92412397D49B002CD407 /* CALayerLayout.swift in Sources */,
				607A92BB2397D6D1002CD407 /* UIViewLayout.swift in Sources */,
				607A92BF2397D7BA002CD407 /* UITableViewRegister.swift in Sources */,
			);
			runOnlyForDeploymentPostprocessing = 0;
		};
/* End PBXSourcesBuildPhase section */

/* Begin XCBuildConfiguration section */
		60F9FBAE2397BEE900D012E8 /* Debug */ = {
			isa = XCBuildConfiguration;
			buildSettings = {
				ALWAYS_SEARCH_USER_PATHS = NO;
				CLANG_ANALYZER_NONNULL = YES;
				CLANG_ANALYZER_NUMBER_OBJECT_CONVERSION = YES_AGGRESSIVE;
				CLANG_CXX_LANGUAGE_STANDARD = "gnu++14";
				CLANG_CXX_LIBRARY = "libc++";
				CLANG_ENABLE_MODULES = YES;
				CLANG_ENABLE_OBJC_ARC = YES;
				CLANG_ENABLE_OBJC_WEAK = YES;
				CLANG_WARN_BLOCK_CAPTURE_AUTORELEASING = YES;
				CLANG_WARN_BOOL_CONVERSION = YES;
				CLANG_WARN_COMMA = YES;
				CLANG_WARN_CONSTANT_CONVERSION = YES;
				CLANG_WARN_DEPRECATED_OBJC_IMPLEMENTATIONS = YES;
				CLANG_WARN_DIRECT_OBJC_ISA_USAGE = YES_ERROR;
				CLANG_WARN_DOCUMENTATION_COMMENTS = YES;
				CLANG_WARN_EMPTY_BODY = YES;
				CLANG_WARN_ENUM_CONVERSION = YES;
				CLANG_WARN_INFINITE_RECURSION = YES;
				CLANG_WARN_INT_CONVERSION = YES;
				CLANG_WARN_NON_LITERAL_NULL_CONVERSION = YES;
				CLANG_WARN_OBJC_IMPLICIT_RETAIN_SELF = YES;
				CLANG_WARN_OBJC_LITERAL_CONVERSION = YES;
				CLANG_WARN_OBJC_ROOT_CLASS = YES_ERROR;
				CLANG_WARN_RANGE_LOOP_ANALYSIS = YES;
				CLANG_WARN_STRICT_PROTOTYPES = YES;
				CLANG_WARN_SUSPICIOUS_MOVE = YES;
				CLANG_WARN_UNGUARDED_AVAILABILITY = YES_AGGRESSIVE;
				CLANG_WARN_UNREACHABLE_CODE = YES;
				CLANG_WARN__DUPLICATE_METHOD_MATCH = YES;
				COPY_PHASE_STRIP = NO;
				CURRENT_PROJECT_VERSION = 1;
				DEBUG_INFORMATION_FORMAT = dwarf;
				ENABLE_STRICT_OBJC_MSGSEND = YES;
				ENABLE_TESTABILITY = YES;
				GCC_C_LANGUAGE_STANDARD = gnu11;
				GCC_DYNAMIC_NO_PIC = NO;
				GCC_NO_COMMON_BLOCKS = YES;
				GCC_OPTIMIZATION_LEVEL = 0;
				GCC_PREPROCESSOR_DEFINITIONS = (
					"DEBUG=1",
					"$(inherited)",
				);
				GCC_WARN_64_TO_32_BIT_CONVERSION = YES;
				GCC_WARN_ABOUT_RETURN_TYPE = YES_ERROR;
				GCC_WARN_UNDECLARED_SELECTOR = YES;
				GCC_WARN_UNINITIALIZED_AUTOS = YES_AGGRESSIVE;
				GCC_WARN_UNUSED_FUNCTION = YES;
				GCC_WARN_UNUSED_VARIABLE = YES;
				IPHONEOS_DEPLOYMENT_TARGET = 13.2;
				MTL_ENABLE_DEBUG_INFO = INCLUDE_SOURCE;
				MTL_FAST_MATH = YES;
				ONLY_ACTIVE_ARCH = YES;
				SDKROOT = iphoneos;
				SWIFT_ACTIVE_COMPILATION_CONDITIONS = DEBUG;
				SWIFT_OPTIMIZATION_LEVEL = "-Onone";
				VERSIONING_SYSTEM = "apple-generic";
				VERSION_INFO_PREFIX = "";
			};
			name = Debug;
		};
		60F9FBAF2397BEE900D012E8 /* Release */ = {
			isa = XCBuildConfiguration;
			buildSettings = {
				ALWAYS_SEARCH_USER_PATHS = NO;
				CLANG_ANALYZER_NONNULL = YES;
				CLANG_ANALYZER_NUMBER_OBJECT_CONVERSION = YES_AGGRESSIVE;
				CLANG_CXX_LANGUAGE_STANDARD = "gnu++14";
				CLANG_CXX_LIBRARY = "libc++";
				CLANG_ENABLE_MODULES = YES;
				CLANG_ENABLE_OBJC_ARC = YES;
				CLANG_ENABLE_OBJC_WEAK = YES;
				CLANG_WARN_BLOCK_CAPTURE_AUTORELEASING = YES;
				CLANG_WARN_BOOL_CONVERSION = YES;
				CLANG_WARN_COMMA = YES;
				CLANG_WARN_CONSTANT_CONVERSION = YES;
				CLANG_WARN_DEPRECATED_OBJC_IMPLEMENTATIONS = YES;
				CLANG_WARN_DIRECT_OBJC_ISA_USAGE = YES_ERROR;
				CLANG_WARN_DOCUMENTATION_COMMENTS = YES;
				CLANG_WARN_EMPTY_BODY = YES;
				CLANG_WARN_ENUM_CONVERSION = YES;
				CLANG_WARN_INFINITE_RECURSION = YES;
				CLANG_WARN_INT_CONVERSION = YES;
				CLANG_WARN_NON_LITERAL_NULL_CONVERSION = YES;
				CLANG_WARN_OBJC_IMPLICIT_RETAIN_SELF = YES;
				CLANG_WARN_OBJC_LITERAL_CONVERSION = YES;
				CLANG_WARN_OBJC_ROOT_CLASS = YES_ERROR;
				CLANG_WARN_RANGE_LOOP_ANALYSIS = YES;
				CLANG_WARN_STRICT_PROTOTYPES = YES;
				CLANG_WARN_SUSPICIOUS_MOVE = YES;
				CLANG_WARN_UNGUARDED_AVAILABILITY = YES_AGGRESSIVE;
				CLANG_WARN_UNREACHABLE_CODE = YES;
				CLANG_WARN__DUPLICATE_METHOD_MATCH = YES;
				COPY_PHASE_STRIP = NO;
				CURRENT_PROJECT_VERSION = 1;
				DEBUG_INFORMATION_FORMAT = "dwarf-with-dsym";
				ENABLE_NS_ASSERTIONS = NO;
				ENABLE_STRICT_OBJC_MSGSEND = YES;
				GCC_C_LANGUAGE_STANDARD = gnu11;
				GCC_NO_COMMON_BLOCKS = YES;
				GCC_WARN_64_TO_32_BIT_CONVERSION = YES;
				GCC_WARN_ABOUT_RETURN_TYPE = YES_ERROR;
				GCC_WARN_UNDECLARED_SELECTOR = YES;
				GCC_WARN_UNINITIALIZED_AUTOS = YES_AGGRESSIVE;
				GCC_WARN_UNUSED_FUNCTION = YES;
				GCC_WARN_UNUSED_VARIABLE = YES;
				IPHONEOS_DEPLOYMENT_TARGET = 13.2;
				MTL_ENABLE_DEBUG_INFO = NO;
				MTL_FAST_MATH = YES;
				SDKROOT = iphoneos;
				SWIFT_COMPILATION_MODE = wholemodule;
				SWIFT_OPTIMIZATION_LEVEL = "-O";
				VALIDATE_PRODUCT = YES;
				VERSIONING_SYSTEM = "apple-generic";
				VERSION_INFO_PREFIX = "";
			};
			name = Release;
		};
		60F9FBB12397BEE900D012E8 /* Debug */ = {
			isa = XCBuildConfiguration;
			buildSettings = {
				CLANG_ENABLE_MODULES = YES;
				CODE_SIGN_IDENTITY = "";
				"CODE_SIGN_IDENTITY[sdk=macosx*]" = "Apple Development";
				CODE_SIGN_STYLE = Automatic;
				DEFINES_MODULE = YES;
				DEVELOPMENT_TEAM = JLXC3L42Z2;
				DYLIB_COMPATIBILITY_VERSION = 1;
				DYLIB_CURRENT_VERSION = 1;
				DYLIB_INSTALL_NAME_BASE = "@rpath";
				INFOPLIST_FILE = "$(SRCROOT)/Sources/Info.plist";
				INSTALL_PATH = "$(LOCAL_LIBRARY_DIR)/Frameworks";
				IPHONEOS_DEPLOYMENT_TARGET = 10.0;
				LD_RUNPATH_SEARCH_PATHS = (
					"$(inherited)",
					"@executable_path/Frameworks",
					"@loader_path/Frameworks",
				);
				MACH_O_TYPE = mh_dylib;
				PRODUCT_BUNDLE_IDENTIFIER = com.panghu.uitkitcore;
				PRODUCT_NAME = "$(TARGET_NAME:c99extidentifier)";
				SKIP_INSTALL = YES;
				SWIFT_OPTIMIZATION_LEVEL = "-Onone";
				SWIFT_VERSION = 5.0;
				TARGETED_DEVICE_FAMILY = "1,2";
			};
			name = Debug;
		};
		60F9FBB22397BEE900D012E8 /* Release */ = {
			isa = XCBuildConfiguration;
			buildSettings = {
				CLANG_ENABLE_MODULES = YES;
				CODE_SIGN_IDENTITY = "";
				"CODE_SIGN_IDENTITY[sdk=macosx*]" = "Apple Development";
				CODE_SIGN_STYLE = Automatic;
				DEFINES_MODULE = YES;
				DEVELOPMENT_TEAM = JLXC3L42Z2;
				DYLIB_COMPATIBILITY_VERSION = 1;
				DYLIB_CURRENT_VERSION = 1;
				DYLIB_INSTALL_NAME_BASE = "@rpath";
				INFOPLIST_FILE = "$(SRCROOT)/Sources/Info.plist";
				INSTALL_PATH = "$(LOCAL_LIBRARY_DIR)/Frameworks";
				IPHONEOS_DEPLOYMENT_TARGET = 10.0;
				LD_RUNPATH_SEARCH_PATHS = (
					"$(inherited)",
					"@executable_path/Frameworks",
					"@loader_path/Frameworks",
				);
				MACH_O_TYPE = mh_dylib;
				PRODUCT_BUNDLE_IDENTIFIER = com.panghu.uitkitcore;
				PRODUCT_NAME = "$(TARGET_NAME:c99extidentifier)";
				SKIP_INSTALL = YES;
				SWIFT_VERSION = 5.0;
				TARGETED_DEVICE_FAMILY = "1,2";
			};
			name = Release;
		};
/* End XCBuildConfiguration section */

/* Begin XCConfigurationList section */
		60F9FBA22397BEE900D012E8 /* Build configuration list for PBXProject "PHUIKitCore" */ = {
			isa = XCConfigurationList;
			buildConfigurations = (
				60F9FBAE2397BEE900D012E8 /* Debug */,
				60F9FBAF2397BEE900D012E8 /* Release */,
			);
			defaultConfigurationIsVisible = 0;
			defaultConfigurationName = Release;
		};
		60F9FBB02397BEE900D012E8 /* Build configuration list for PBXNativeTarget "PHUIKitCore" */ = {
			isa = XCConfigurationList;
			buildConfigurations = (
				60F9FBB12397BEE900D012E8 /* Debug */,
				60F9FBB22397BEE900D012E8 /* Release */,
			);
			defaultConfigurationIsVisible = 0;
			defaultConfigurationName = Release;
		};
/* End XCConfigurationList section */

/* Begin XCRemoteSwiftPackageReference section */
		60D26C142412333000FF060E /* XCRemoteSwiftPackageReference "PHFoundation" */ = {
			isa = XCRemoteSwiftPackageReference;
			repositoryURL = "git@github.com:panghu-lee/PHFoundation.git";
			requirement = {
				branch = master;
				kind = branch;
			};
		};
/* End XCRemoteSwiftPackageReference section */

/* Begin XCSwiftPackageProductDependency section */
		60D26C152412333000FF060E /* PHFoundation */ = {
			isa = XCSwiftPackageProductDependency;
			package = 60D26C142412333000FF060E /* XCRemoteSwiftPackageReference "PHFoundation" */;
			productName = PHFoundation;
		};
/* End XCSwiftPackageProductDependency section */
	};
	rootObject = 60F9FB9F2397BEE900D012E8 /* Project object */;
}
